
Microsoft Visual Studio Solution File, Format Version 12.00
# Visual Studio 15
VisualStudioVersion = 15.0.26124.0
MinimumVisualStudioVersion = 15.0.26124.0
Project("{9A19103F-16F7-4668-BE54-9A1E7A4F7556}") = "MQTTServer.Tool", "MQTTServer.Tool\MQTTServer.Tool.csproj", "{6F7BA81C-992B-4389-B71C-E3B1A1D0F73B}"
EndProject
Project("{FAE04EC0-301F-11D3-BF4B-00C04F79EFBC}") = "MQTTServer.Tester", "MQTTServer.Tester\MQTTServer.Tester.csproj", "{D83465C8-7A17-49D2-AEFF-A7318D38802E}"
EndProject
Global
	GlobalSection(SolutionConfigurationPlatforms) = preSolution
		Debug|Any CPU = Debug|Any CPU
		Debug|x64 = Debug|x64
		Debug|x86 = Debug|x86
		Release|Any CPU = Release|Any CPU
		Release|x64 = Release|x64
		Release|x86 = Release|x86
	EndGlobalSection
	GlobalSection(ProjectConfigurationPlatforms) = postSolution
		{6F7BA81C-992B-4389-B71C-E3B1A1D0F73B}.Debug|Any CPU.ActiveCfg = Debug|Any CPU
		{6F7BA81C-992B-4389-B71C-E3B1A1D0F73B}.Debug|Any CPU.Build.0 = Debug|Any CPU
		{6F7BA81C-992B-4389-B71C-E3B1A1D0F73B}.Debug|x64.ActiveCfg = Debug|Any CPU
		{6F7BA81C-992B-4389-B71C-E3B1A1D0F73B}.Debug|x64.Build.0 = Debug|Any CPU
		{6F7BA81C-992B-4389-B71C-E3B1A1D0F73B}.Debug|x86.ActiveCfg = Debug|Any CPU
		{6F7BA81C-992B-4389-B71C-E3B1A1D0F73B}.Debug|x86.Build.0 = Debug|Any CPU
		{6F7BA81C-992B-4389-B71C-E3B1A1D0F73B}.Release|Any CPU.ActiveCfg = Release|Any CPU
		{6F7BA81C-992B-4389-B71C-E3B1A1D0F73B}.Release|Any CPU.Build.0 = Release|Any CPU
		{6F7BA81C-992B-4389-B71C-E3B1A1D0F73B}.Release|x64.ActiveCfg = Release|Any CPU
		{6F7BA81C-992B-4389-B71C-E3B1A1D0F73B}.Release|x64.Build.0 = Release|Any CPU
		{6F7BA81C-992B-4389-B71C-E3B1A1D0F73B}.Release|x86.ActiveCfg = Release|Any CPU
		{6F7BA81C-992B-4389-B71C-E3B1A1D0F73B}.Release|x86.Build.0 = Release|Any CPU
		{D83465C8-7A17-49D2-AEFF-A7318D38802E}.Debug|Any CPU.ActiveCfg = Debug|Any CPU
		{D83465C8-7A17-49D2-AEFF-A7318D38802E}.Debug|Any CPU.Build.0 = Debug|Any CPU
		{D83465C8-7A17-49D2-AEFF-A7318D38802E}.Debug|x64.ActiveCfg = Debug|Any CPU
		{D83465C8-7A17-49D2-AEFF-A7318D38802E}.Debug|x64.Build.0 = Debug|Any CPU
		{D83465C8-7A17-49D2-AEFF-A7318D38802E}.Debug|x86.ActiveCfg = Debug|Any CPU
		{D83465C8-7A17-49D2-AEFF-A7318D38802E}.Debug|x86.Build.0 = Debug|Any CPU
		{D83465C8-7A17-49D2-AEFF-A7318D38802E}.Release|Any CPU.ActiveCfg = Release|Any CPU
		{D83465C8-7A17-49D2-AEFF-A7318D38802E}.Release|Any CPU.Build.0 = Release|Any CPU
		{D83465C8-7A17-49D2-AEFF-A7318D38802E}.Release|x64.ActiveCfg = Release|Any CPU
		{D83465C8-7A17-49D2-AEFF-A7318D38802E}.Release|x64.Build.0 = Release|Any CPU
		{D83465C8-7A17-49D2-AEFF-A7318D38802E}.Release|x86.ActiveCfg = Release|Any CPU
		{D83465C8-7A17-49D2-AEFF-A7318D38802E}.Release|x86.Build.0 = Release|Any CPU
	EndGlobalSection
	GlobalSection(SolutionProperties) = preSolution
		HideSolutionNode = FALSE
	EndGlobalSection
	GlobalSection(ExtensibilityGlobals) = postSolution
		SolutionGuid = {7B52BD0E-30A2-47A3-B9D5-32C6C23C663D}
	EndGlobalSection
EndGlobal
